// !$*UTF8*$!
{
	archiveVersion = 1;
	classes = {
	};
	objectVersion = 51;
	objects = {

/* Begin PBXBuildFile section */
		0106320D2333584D00214672 /* UIColor+Extension.swift in Sources */ = {isa = PBXBuildFile; fileRef = 0106320C2333584D00214672 /* UIColor+Extension.swift */; };
		0106320F23335B5D00214672 /* DrumMachine.storyboard in Resources */ = {isa = PBXBuildFile; fileRef = 0106320E23335B5D00214672 /* DrumMachine.storyboard */; };
		0106321323335C4200214672 /* DrumMachineViewController.swift in Sources */ = {isa = PBXBuildFile; fileRef = 0106321223335C4200214672 /* DrumMachineViewController.swift */; };
		0106321523335CC500214672 /* DrumMachineView.swift in Sources */ = {isa = PBXBuildFile; fileRef = 0106321423335CC500214672 /* DrumMachineView.swift */; };
		010632172333622800214672 /* UIStoryboard+Extension.swift in Sources */ = {isa = PBXBuildFile; fileRef = 010632162333622800214672 /* UIStoryboard+Extension.swift */; };
		010632192333687F00214672 /* FaderEqualizer+Panner.swift in Sources */ = {isa = PBXBuildFile; fileRef = 010632182333687F00214672 /* FaderEqualizer+Panner.swift */; };
		010D781E231652EA0099D76D /* GestureManager.swift in Sources */ = {isa = PBXBuildFile; fileRef = 010D781D231652EA0099D76D /* GestureManager.swift */; };
		010D7820231681690099D76D /* HLDDFader.swift in Sources */ = {isa = PBXBuildFile; fileRef = 010D781F231681690099D76D /* HLDDFader.swift */; };
		010D7822232B71890099D76D /* UIImage+Gif.swift in Sources */ = {isa = PBXBuildFile; fileRef = 010D7821232B71890099D76D /* UIImage+Gif.swift */; };
		010D7824232B72220099D76D /* GifEffect1.gif in Resources */ = {isa = PBXBuildFile; fileRef = 010D7823232B72220099D76D /* GifEffect1.gif */; };
		010D7827232B73560099D76D /* GifEffect2.gif in Resources */ = {isa = PBXBuildFile; fileRef = 010D7826232B73560099D76D /* GifEffect2.gif */; };
		010D7829232B74DA0099D76D /* GifEffect3.gif in Resources */ = {isa = PBXBuildFile; fileRef = 010D7828232B74DA0099D76D /* GifEffect3.gif */; };
		01280F9823289E27004AF13C /* HLDDKnob.swift in Sources */ = {isa = PBXBuildFile; fileRef = 01280F9723289E27004AF13C /* HLDDKnob.swift */; };
		01371C272337C32000617A9D /* GridView+Extension.swift in Sources */ = {isa = PBXBuildFile; fileRef = 01371C262337C32000617A9D /* GridView+Extension.swift */; };
		01371C352338D20700617A9D /* FirebaseManager.swift in Sources */ = {isa = PBXBuildFile; fileRef = 01371C342338D20700617A9D /* FirebaseManager.swift */; };
		015FBD4C233240E80055B2FC /* PlugInChorusTableViewCell.swift in Sources */ = {isa = PBXBuildFile; fileRef = 015FBD4A233240E80055B2FC /* PlugInChorusTableViewCell.swift */; };
		015FBD4D233240E80055B2FC /* PlugInChorusTableViewCell.xib in Resources */ = {isa = PBXBuildFile; fileRef = 015FBD4B233240E80055B2FC /* PlugInChorusTableViewCell.xib */; };
		016F4D25232561B50027D507 /* ReverbSet.swift in Sources */ = {isa = PBXBuildFile; fileRef = 016F4D24232561B50027D507 /* ReverbSet.swift */; };
		016F4D282325F10A0027D507 /* PlugInManager.swift in Sources */ = {isa = PBXBuildFile; fileRef = 016F4D272325F10A0027D507 /* PlugInManager.swift */; };
		016F4D2A23264F0E0027D507 /* MixerManger.swift in Sources */ = {isa = PBXBuildFile; fileRef = 016F4D2923264F0E0027D507 /* MixerManger.swift */; };
		0171720D232380D900049F3B /* AppDelegate.swift in Sources */ = {isa = PBXBuildFile; fileRef = 0171720C232380D900049F3B /* AppDelegate.swift */; };
		0171720F232380D900049F3B /* ViewController.swift in Sources */ = {isa = PBXBuildFile; fileRef = 0171720E232380D900049F3B /* ViewController.swift */; };
		01717212232380D900049F3B /* Main.storyboard in Resources */ = {isa = PBXBuildFile; fileRef = 01717210232380D900049F3B /* Main.storyboard */; };
		01717215232380D900049F3B /* HLDDStudio.xcdatamodeld in Sources */ = {isa = PBXBuildFile; fileRef = 01717213232380D900049F3B /* HLDDStudio.xcdatamodeld */; };
		01717217232380DB00049F3B /* Assets.xcassets in Resources */ = {isa = PBXBuildFile; fileRef = 01717216232380DB00049F3B /* Assets.xcassets */; };
		0171721A232380DB00049F3B /* LaunchScreen.storyboard in Resources */ = {isa = PBXBuildFile; fileRef = 01717218232380DB00049F3B /* LaunchScreen.storyboard */; };
		0171722923238F8600049F3B /* MixerView.swift in Sources */ = {isa = PBXBuildFile; fileRef = 0171722823238F8600049F3B /* MixerView.swift */; };
		0171722B2323908600049F3B /* IOGridViewCell.swift in Sources */ = {isa = PBXBuildFile; fileRef = 0171722A2323908600049F3B /* IOGridViewCell.swift */; };
		01717231232393FA00049F3B /* PlugInGridViewCell.swift in Sources */ = {isa = PBXBuildFile; fileRef = 01717230232393FA00049F3B /* PlugInGridViewCell.swift */; };
		017172332323945F00049F3B /* PlugInGridViewCell.xib in Resources */ = {isa = PBXBuildFile; fileRef = 017172322323945F00049F3B /* PlugInGridViewCell.xib */; };
		017172352323993800049F3B /* PlugInTableViewCell.swift in Sources */ = {isa = PBXBuildFile; fileRef = 017172342323993800049F3B /* PlugInTableViewCell.swift */; };
		017172372323995900049F3B /* FaderGridViewCell.swift in Sources */ = {isa = PBXBuildFile; fileRef = 017172362323995900049F3B /* FaderGridViewCell.swift */; };
		017172392323997000049F3B /* FaderGridViewCell.xib in Resources */ = {isa = PBXBuildFile; fileRef = 017172382323997000049F3B /* FaderGridViewCell.xib */; };
		0171723B2323B9F700049F3B /* PlugInTableViewCell.xib in Resources */ = {isa = PBXBuildFile; fileRef = 0171723A2323B9F700049F3B /* PlugInTableViewCell.xib */; };
		0171723E2323DEA100049F3B /* UIImage+Extension.swift in Sources */ = {isa = PBXBuildFile; fileRef = 0171723D2323DEA100049F3B /* UIImage+Extension.swift */; };
		0179403623251236000DCFCB /* PlugInViewController.swift in Sources */ = {isa = PBXBuildFile; fileRef = 0179403523251236000DCFCB /* PlugInViewController.swift */; };
		01794039232512AA000DCFCB /* PlugInView.swift in Sources */ = {isa = PBXBuildFile; fileRef = 01794038232512AA000DCFCB /* PlugInView.swift */; };
		0179403C232536C1000DCFCB /* PlugInReverbTableViewCell.swift in Sources */ = {isa = PBXBuildFile; fileRef = 0179403B232536C1000DCFCB /* PlugInReverbTableViewCell.swift */; };
		0179404023253A94000DCFCB /* PlugInBarView.swift in Sources */ = {isa = PBXBuildFile; fileRef = 0179403F23253A94000DCFCB /* PlugInBarView.swift */; };
		0179404223253B2E000DCFCB /* PlugInBarView.xib in Resources */ = {isa = PBXBuildFile; fileRef = 0179404123253B2E000DCFCB /* PlugInBarView.xib */; };
		0179404423254797000DCFCB /* UIView+Extension.swift in Sources */ = {isa = PBXBuildFile; fileRef = 0179404323254797000DCFCB /* UIView+Extension.swift */; };
		01DC76742331F87600CA105E /* PlugInGuitarProcessorTableViewCell.swift in Sources */ = {isa = PBXBuildFile; fileRef = 01DC76722331F87600CA105E /* PlugInGuitarProcessorTableViewCell.swift */; };
		01DC76752331F87600CA105E /* PlugInGuitarProcessorTableViewCell.xib in Resources */ = {isa = PBXBuildFile; fileRef = 01DC76732331F87600CA105E /* PlugInGuitarProcessorTableViewCell.xib */; };
		01DC76782331F94100CA105E /* PlugInDelayTableViewCell.swift in Sources */ = {isa = PBXBuildFile; fileRef = 01DC76762331F94100CA105E /* PlugInDelayTableViewCell.swift */; };
		01DC76792331F94100CA105E /* PlugInDelayTableViewCell.xib in Resources */ = {isa = PBXBuildFile; fileRef = 01DC76772331F94100CA105E /* PlugInDelayTableViewCell.xib */; };
		01E3BEF62339F5D800F9011E /* PlugInReverbTableViewCell.xib in Resources */ = {isa = PBXBuildFile; fileRef = 01E3BEF52339F5D800F9011E /* PlugInReverbTableViewCell.xib */; };
		01E7366A2335F58900B9582B /* DrumMachineManger.swift in Sources */ = {isa = PBXBuildFile; fileRef = 01E736692335F58900B9582B /* DrumMachineManger.swift */; };
		01F1661B232BA63F00F1C107 /* Notification+extension.swift in Sources */ = {isa = PBXBuildFile; fileRef = 01F1661A232BA63F00F1C107 /* Notification+extension.swift */; };
		01F1661F232BC9E800F1C107 /* HLDDRedFader.swift in Sources */ = {isa = PBXBuildFile; fileRef = 01F1661E232BC9E800F1C107 /* HLDDRedFader.swift */; };
		01F16621232BCFD700F1C107 /* CustonIcon.swift in Sources */ = {isa = PBXBuildFile; fileRef = 01F16620232BCFD700F1C107 /* CustonIcon.swift */; };
		248335A4075FFACCB19A506D /* Pods_HLDDStudio.framework in Frameworks */ = {isa = PBXBuildFile; fileRef = 2DE316FE45FA8389A36DD117 /* Pods_HLDDStudio.framework */; };
		DB0CDC31233DAE4800D8583C /* 808_drum_kit in Resources */ = {isa = PBXBuildFile; fileRef = DB0CDC2E233DAD6600D8583C /* 808_drum_kit */; };
		DB0CDC37233FBED200D8583C /* StorageManager.swift in Sources */ = {isa = PBXBuildFile; fileRef = DB0CDC36233FBED200D8583C /* StorageManager.swift */; };
		DB4A5020233A301800A9DCEB /* GoogleService-Info.plist in Resources */ = {isa = PBXBuildFile; fileRef = DB4A501F233A301800A9DCEB /* GoogleService-Info.plist */; };
		DB4A5023233A352A00A9DCEB /* AudioToolbox.framework in Frameworks */ = {isa = PBXBuildFile; fileRef = DB4A5022233A352A00A9DCEB /* AudioToolbox.framework */; };
		DB744F2F233B50C600AA8AFC /* DrumEditingGridViewCell.xib in Resources */ = {isa = PBXBuildFile; fileRef = DB744F2E233B50C600AA8AFC /* DrumEditingGridViewCell.xib */; };
		DB744F31233B50E400AA8AFC /* DrumEditingGridViewCell.swift in Sources */ = {isa = PBXBuildFile; fileRef = DB744F30233B50E400AA8AFC /* DrumEditingGridViewCell.swift */; };
		DB744F33233B544000AA8AFC /* DrumBarGridViewCell.swift in Sources */ = {isa = PBXBuildFile; fileRef = DB744F32233B544000AA8AFC /* DrumBarGridViewCell.swift */; };
		DB744F35233B546200AA8AFC /* DrumBarGridViewCell.xib in Resources */ = {isa = PBXBuildFile; fileRef = DB744F34233B546200AA8AFC /* DrumBarGridViewCell.xib */; };
		DB744F37233B549200AA8AFC /* DrumPatternGridViewCell.swift in Sources */ = {isa = PBXBuildFile; fileRef = DB744F36233B549200AA8AFC /* DrumPatternGridViewCell.swift */; };
		DB744F39233B54AE00AA8AFC /* DrumPatternGridViewCell.xib in Resources */ = {isa = PBXBuildFile; fileRef = DB744F38233B54AE00AA8AFC /* DrumPatternGridViewCell.xib */; };
		DB744F3C233CADCB00AA8AFC /* DrumEditingHorizontalGridViewCell.swift in Sources */ = {isa = PBXBuildFile; fileRef = DB744F3B233CADCB00AA8AFC /* DrumEditingHorizontalGridViewCell.swift */; };
		DB744F3E233CADE600AA8AFC /* DrumEditingHorizontalGridViewCell.xib in Resources */ = {isa = PBXBuildFile; fileRef = DB744F3D233CADE600AA8AFC /* DrumEditingHorizontalGridViewCell.xib */; };
		DB744F44233CB0C200AA8AFC /* DrumPatternHorizontalGridViewCell.swift in Sources */ = {isa = PBXBuildFile; fileRef = DB744F43233CB0C200AA8AFC /* DrumPatternHorizontalGridViewCell.swift */; };
		DB744F46233CB0CE00AA8AFC /* DrumPatternHorizontalGridViewCell.xib in Resources */ = {isa = PBXBuildFile; fileRef = DB744F45233CB0CE00AA8AFC /* DrumPatternHorizontalGridViewCell.xib */; };
		DBCB3700233B3E2100DFBF83 /* IOGridViewCell.xib in Resources */ = {isa = PBXBuildFile; fileRef = DBCB3702233B3E2100DFBF83 /* IOGridViewCell.xib */; };
/* End PBXBuildFile section */

/* Begin PBXFileReference section */
		0106320C2333584D00214672 /* UIColor+Extension.swift */ = {isa = PBXFileReference; lastKnownFileType = sourcecode.swift; path = "UIColor+Extension.swift"; sourceTree = "<group>"; };
		0106320E23335B5D00214672 /* DrumMachine.storyboard */ = {isa = PBXFileReference; lastKnownFileType = file.storyboard; path = DrumMachine.storyboard; sourceTree = "<group>"; };
		0106321223335C4200214672 /* DrumMachineViewController.swift */ = {isa = PBXFileReference; lastKnownFileType = sourcecode.swift; path = DrumMachineViewController.swift; sourceTree = "<group>"; };
		0106321423335CC500214672 /* DrumMachineView.swift */ = {isa = PBXFileReference; lastKnownFileType = sourcecode.swift; path = DrumMachineView.swift; sourceTree = "<group>"; };
		010632162333622800214672 /* UIStoryboard+Extension.swift */ = {isa = PBXFileReference; lastKnownFileType = sourcecode.swift; path = "UIStoryboard+Extension.swift"; sourceTree = "<group>"; };
		010632182333687F00214672 /* FaderEqualizer+Panner.swift */ = {isa = PBXFileReference; lastKnownFileType = sourcecode.swift; path = "FaderEqualizer+Panner.swift"; sourceTree = "<group>"; };
		010D781D231652EA0099D76D /* GestureManager.swift */ = {isa = PBXFileReference; lastKnownFileType = sourcecode.swift; path = GestureManager.swift; sourceTree = "<group>"; };
		010D781F231681690099D76D /* HLDDFader.swift */ = {isa = PBXFileReference; lastKnownFileType = sourcecode.swift; path = HLDDFader.swift; sourceTree = "<group>"; };
		010D7821232B71890099D76D /* UIImage+Gif.swift */ = {isa = PBXFileReference; lastKnownFileType = sourcecode.swift; path = "UIImage+Gif.swift"; sourceTree = "<group>"; };
		010D7823232B72220099D76D /* GifEffect1.gif */ = {isa = PBXFileReference; lastKnownFileType = image.gif; path = GifEffect1.gif; sourceTree = "<group>"; };
		010D7826232B73560099D76D /* GifEffect2.gif */ = {isa = PBXFileReference; lastKnownFileType = image.gif; path = GifEffect2.gif; sourceTree = "<group>"; };
		010D7828232B74DA0099D76D /* GifEffect3.gif */ = {isa = PBXFileReference; lastKnownFileType = image.gif; path = GifEffect3.gif; sourceTree = "<group>"; };
		01280F9723289E27004AF13C /* HLDDKnob.swift */ = {isa = PBXFileReference; lastKnownFileType = sourcecode.swift; path = HLDDKnob.swift; sourceTree = "<group>"; };
		01371C262337C32000617A9D /* GridView+Extension.swift */ = {isa = PBXFileReference; lastKnownFileType = sourcecode.swift; path = "GridView+Extension.swift"; sourceTree = "<group>"; };
		01371C342338D20700617A9D /* FirebaseManager.swift */ = {isa = PBXFileReference; lastKnownFileType = sourcecode.swift; path = FirebaseManager.swift; sourceTree = "<group>"; };
		015FBD4A233240E80055B2FC /* PlugInChorusTableViewCell.swift */ = {isa = PBXFileReference; lastKnownFileType = sourcecode.swift; path = PlugInChorusTableViewCell.swift; sourceTree = "<group>"; };
		015FBD4B233240E80055B2FC /* PlugInChorusTableViewCell.xib */ = {isa = PBXFileReference; lastKnownFileType = file.xib; path = PlugInChorusTableViewCell.xib; sourceTree = "<group>"; };
		016F4D24232561B50027D507 /* ReverbSet.swift */ = {isa = PBXFileReference; lastKnownFileType = sourcecode.swift; path = ReverbSet.swift; sourceTree = "<group>"; };
		016F4D272325F10A0027D507 /* PlugInManager.swift */ = {isa = PBXFileReference; lastKnownFileType = sourcecode.swift; path = PlugInManager.swift; sourceTree = "<group>"; };
		016F4D2923264F0E0027D507 /* MixerManger.swift */ = {isa = PBXFileReference; lastKnownFileType = sourcecode.swift; path = MixerManger.swift; sourceTree = "<group>"; };
		01717209232380D900049F3B /* HLDDStudio.app */ = {isa = PBXFileReference; explicitFileType = wrapper.application; includeInIndex = 0; path = HLDDStudio.app; sourceTree = BUILT_PRODUCTS_DIR; };
		0171720C232380D900049F3B /* AppDelegate.swift */ = {isa = PBXFileReference; lastKnownFileType = sourcecode.swift; path = AppDelegate.swift; sourceTree = "<group>"; };
		0171720E232380D900049F3B /* ViewController.swift */ = {isa = PBXFileReference; lastKnownFileType = sourcecode.swift; path = ViewController.swift; sourceTree = "<group>"; };
		01717211232380D900049F3B /* Base */ = {isa = PBXFileReference; lastKnownFileType = file.storyboard; name = Base; path = Base.lproj/Main.storyboard; sourceTree = "<group>"; };
		01717214232380D900049F3B /* HLDDStudio.xcdatamodel */ = {isa = PBXFileReference; lastKnownFileType = wrapper.xcdatamodel; path = HLDDStudio.xcdatamodel; sourceTree = "<group>"; };
		01717216232380DB00049F3B /* Assets.xcassets */ = {isa = PBXFileReference; lastKnownFileType = folder.assetcatalog; path = Assets.xcassets; sourceTree = "<group>"; };
		01717219232380DB00049F3B /* Base */ = {isa = PBXFileReference; lastKnownFileType = file.storyboard; name = Base; path = Base.lproj/LaunchScreen.storyboard; sourceTree = "<group>"; };
		0171721B232380DB00049F3B /* Info.plist */ = {isa = PBXFileReference; lastKnownFileType = text.plist.xml; path = Info.plist; sourceTree = "<group>"; };
		0171722823238F8600049F3B /* MixerView.swift */ = {isa = PBXFileReference; lastKnownFileType = sourcecode.swift; path = MixerView.swift; sourceTree = "<group>"; };
		0171722A2323908600049F3B /* IOGridViewCell.swift */ = {isa = PBXFileReference; lastKnownFileType = sourcecode.swift; path = IOGridViewCell.swift; sourceTree = "<group>"; };
		01717230232393FA00049F3B /* PlugInGridViewCell.swift */ = {isa = PBXFileReference; lastKnownFileType = sourcecode.swift; path = PlugInGridViewCell.swift; sourceTree = "<group>"; };
		017172322323945F00049F3B /* PlugInGridViewCell.xib */ = {isa = PBXFileReference; lastKnownFileType = file.xib; path = PlugInGridViewCell.xib; sourceTree = "<group>"; };
		017172342323993800049F3B /* PlugInTableViewCell.swift */ = {isa = PBXFileReference; lastKnownFileType = sourcecode.swift; path = PlugInTableViewCell.swift; sourceTree = "<group>"; };
		017172362323995900049F3B /* FaderGridViewCell.swift */ = {isa = PBXFileReference; lastKnownFileType = sourcecode.swift; path = FaderGridViewCell.swift; sourceTree = "<group>"; };
		017172382323997000049F3B /* FaderGridViewCell.xib */ = {isa = PBXFileReference; lastKnownFileType = file.xib; path = FaderGridViewCell.xib; sourceTree = "<group>"; };
		0171723A2323B9F700049F3B /* PlugInTableViewCell.xib */ = {isa = PBXFileReference; lastKnownFileType = file.xib; path = PlugInTableViewCell.xib; sourceTree = "<group>"; };
		0171723D2323DEA100049F3B /* UIImage+Extension.swift */ = {isa = PBXFileReference; lastKnownFileType = sourcecode.swift; path = "UIImage+Extension.swift"; sourceTree = "<group>"; };
		0179403523251236000DCFCB /* PlugInViewController.swift */ = {isa = PBXFileReference; lastKnownFileType = sourcecode.swift; path = PlugInViewController.swift; sourceTree = "<group>"; };
		01794038232512AA000DCFCB /* PlugInView.swift */ = {isa = PBXFileReference; lastKnownFileType = sourcecode.swift; path = PlugInView.swift; sourceTree = "<group>"; };
		0179403B232536C1000DCFCB /* PlugInReverbTableViewCell.swift */ = {isa = PBXFileReference; lastKnownFileType = sourcecode.swift; path = PlugInReverbTableViewCell.swift; sourceTree = "<group>"; };
		0179403F23253A94000DCFCB /* PlugInBarView.swift */ = {isa = PBXFileReference; lastKnownFileType = sourcecode.swift; path = PlugInBarView.swift; sourceTree = "<group>"; };
		0179404123253B2E000DCFCB /* PlugInBarView.xib */ = {isa = PBXFileReference; lastKnownFileType = file.xib; path = PlugInBarView.xib; sourceTree = "<group>"; };
		0179404323254797000DCFCB /* UIView+Extension.swift */ = {isa = PBXFileReference; lastKnownFileType = sourcecode.swift; path = "UIView+Extension.swift"; sourceTree = "<group>"; };
		01DC76722331F87600CA105E /* PlugInGuitarProcessorTableViewCell.swift */ = {isa = PBXFileReference; lastKnownFileType = sourcecode.swift; path = PlugInGuitarProcessorTableViewCell.swift; sourceTree = "<group>"; };
		01DC76732331F87600CA105E /* PlugInGuitarProcessorTableViewCell.xib */ = {isa = PBXFileReference; lastKnownFileType = file.xib; path = PlugInGuitarProcessorTableViewCell.xib; sourceTree = "<group>"; };
		01DC76762331F94100CA105E /* PlugInDelayTableViewCell.swift */ = {isa = PBXFileReference; lastKnownFileType = sourcecode.swift; path = PlugInDelayTableViewCell.swift; sourceTree = "<group>"; };
		01DC76772331F94100CA105E /* PlugInDelayTableViewCell.xib */ = {isa = PBXFileReference; lastKnownFileType = file.xib; path = PlugInDelayTableViewCell.xib; sourceTree = "<group>"; };
		01E3BEF52339F5D800F9011E /* PlugInReverbTableViewCell.xib */ = {isa = PBXFileReference; fileEncoding = 4; lastKnownFileType = file.xib; path = PlugInReverbTableViewCell.xib; sourceTree = "<group>"; };
		01E736692335F58900B9582B /* DrumMachineManger.swift */ = {isa = PBXFileReference; lastKnownFileType = sourcecode.swift; path = DrumMachineManger.swift; sourceTree = "<group>"; };
		01F1661A232BA63F00F1C107 /* Notification+extension.swift */ = {isa = PBXFileReference; lastKnownFileType = sourcecode.swift; path = "Notification+extension.swift"; sourceTree = "<group>"; };
		01F1661E232BC9E800F1C107 /* HLDDRedFader.swift */ = {isa = PBXFileReference; lastKnownFileType = sourcecode.swift; path = HLDDRedFader.swift; sourceTree = "<group>"; };
		01F16620232BCFD700F1C107 /* CustonIcon.swift */ = {isa = PBXFileReference; lastKnownFileType = sourcecode.swift; path = CustonIcon.swift; sourceTree = "<group>"; };
		2DE316FE45FA8389A36DD117 /* Pods_HLDDStudio.framework */ = {isa = PBXFileReference; explicitFileType = wrapper.framework; includeInIndex = 0; path = Pods_HLDDStudio.framework; sourceTree = BUILT_PRODUCTS_DIR; };
		68BF78A37B611FB3DDC8ACCA /* Pods-HLDDStudio.release.xcconfig */ = {isa = PBXFileReference; includeInIndex = 1; lastKnownFileType = text.xcconfig; name = "Pods-HLDDStudio.release.xcconfig"; path = "Target Support Files/Pods-HLDDStudio/Pods-HLDDStudio.release.xcconfig"; sourceTree = "<group>"; };
		A6DDEAE353C1BA4038BFA2BC /* Pods-HLDDStudio.debug.xcconfig */ = {isa = PBXFileReference; includeInIndex = 1; lastKnownFileType = text.xcconfig; name = "Pods-HLDDStudio.debug.xcconfig"; path = "Target Support Files/Pods-HLDDStudio/Pods-HLDDStudio.debug.xcconfig"; sourceTree = "<group>"; };
		DB0CDC2E233DAD6600D8583C /* 808_drum_kit */ = {isa = PBXFileReference; lastKnownFileType = folder; name = 808_drum_kit; path = ../../Downloads/808_drum_kit/808_drum_kit; sourceTree = "<group>"; };
		DB0CDC36233FBED200D8583C /* StorageManager.swift */ = {isa = PBXFileReference; lastKnownFileType = sourcecode.swift; path = StorageManager.swift; sourceTree = "<group>"; };
		DB4A501F233A301800A9DCEB /* GoogleService-Info.plist */ = {isa = PBXFileReference; fileEncoding = 4; lastKnownFileType = text.plist.xml; path = "GoogleService-Info.plist"; sourceTree = "<group>"; };
		DB4A5021233A352A00A9DCEB /* HLDDStudio.entitlements */ = {isa = PBXFileReference; lastKnownFileType = text.plist.entitlements; path = HLDDStudio.entitlements; sourceTree = "<group>"; };
		DB4A5022233A352A00A9DCEB /* AudioToolbox.framework */ = {isa = PBXFileReference; lastKnownFileType = wrapper.framework; name = AudioToolbox.framework; path = System/Library/Frameworks/AudioToolbox.framework; sourceTree = SDKROOT; };
		DB744F2E233B50C600AA8AFC /* DrumEditingGridViewCell.xib */ = {isa = PBXFileReference; lastKnownFileType = file.xib; path = DrumEditingGridViewCell.xib; sourceTree = "<group>"; };
		DB744F30233B50E400AA8AFC /* DrumEditingGridViewCell.swift */ = {isa = PBXFileReference; lastKnownFileType = sourcecode.swift; path = DrumEditingGridViewCell.swift; sourceTree = "<group>"; };
		DB744F32233B544000AA8AFC /* DrumBarGridViewCell.swift */ = {isa = PBXFileReference; lastKnownFileType = sourcecode.swift; path = DrumBarGridViewCell.swift; sourceTree = "<group>"; };
		DB744F34233B546200AA8AFC /* DrumBarGridViewCell.xib */ = {isa = PBXFileReference; lastKnownFileType = file.xib; path = DrumBarGridViewCell.xib; sourceTree = "<group>"; };
		DB744F36233B549200AA8AFC /* DrumPatternGridViewCell.swift */ = {isa = PBXFileReference; lastKnownFileType = sourcecode.swift; path = DrumPatternGridViewCell.swift; sourceTree = "<group>"; };
		DB744F38233B54AE00AA8AFC /* DrumPatternGridViewCell.xib */ = {isa = PBXFileReference; lastKnownFileType = file.xib; path = DrumPatternGridViewCell.xib; sourceTree = "<group>"; };
		DB744F3B233CADCB00AA8AFC /* DrumEditingHorizontalGridViewCell.swift */ = {isa = PBXFileReference; lastKnownFileType = sourcecode.swift; path = DrumEditingHorizontalGridViewCell.swift; sourceTree = "<group>"; };
		DB744F3D233CADE600AA8AFC /* DrumEditingHorizontalGridViewCell.xib */ = {isa = PBXFileReference; lastKnownFileType = file.xib; path = DrumEditingHorizontalGridViewCell.xib; sourceTree = "<group>"; };
		DB744F43233CB0C200AA8AFC /* DrumPatternHorizontalGridViewCell.swift */ = {isa = PBXFileReference; lastKnownFileType = sourcecode.swift; path = DrumPatternHorizontalGridViewCell.swift; sourceTree = "<group>"; };
		DB744F45233CB0CE00AA8AFC /* DrumPatternHorizontalGridViewCell.xib */ = {isa = PBXFileReference; lastKnownFileType = file.xib; path = DrumPatternHorizontalGridViewCell.xib; sourceTree = "<group>"; };
		DBCB3701233B3E2100DFBF83 /* Base */ = {isa = PBXFileReference; lastKnownFileType = file.xib; name = Base; path = Base.lproj/IOGridViewCell.xib; sourceTree = "<group>"; };
/* End PBXFileReference section */

/* Begin PBXFrameworksBuildPhase section */
		01717206232380D900049F3B /* Frameworks */ = {
			isa = PBXFrameworksBuildPhase;
			buildActionMask = 2147483647;
			files = (
				248335A4075FFACCB19A506D /* Pods_HLDDStudio.framework in Frameworks */,
				DB4A5023233A352A00A9DCEB /* AudioToolbox.framework in Frameworks */,
			);
			runOnlyForDeploymentPostprocessing = 0;
		};
/* End PBXFrameworksBuildPhase section */

/* Begin PBXGroup section */
		0106321023335BFD00214672 /* Mixer */ = {
			isa = PBXGroup;
			children = (
				0171720E232380D900049F3B /* ViewController.swift */,
				0179403523251236000DCFCB /* PlugInViewController.swift */,
			);
			path = Mixer;
			sourceTree = "<group>";
		};
		0106321123335C1200214672 /* DrumMachine */ = {
			isa = PBXGroup;
			children = (
				0106321223335C4200214672 /* DrumMachineViewController.swift */,
			);
			path = DrumMachine;
			sourceTree = "<group>";
		};
		010D7825232B722F0099D76D /* GifEffects */ = {
			isa = PBXGroup;
			children = (
				010D7828232B74DA0099D76D /* GifEffect3.gif */,
				010D7826232B73560099D76D /* GifEffect2.gif */,
				010D7823232B72220099D76D /* GifEffect1.gif */,
			);
			path = GifEffects;
			sourceTree = "<group>";
		};
		016F4D26232561C10027D507 /* Model */ = {
			isa = PBXGroup;
			children = (
				016F4D24232561B50027D507 /* ReverbSet.swift */,
				DB0CDC36233FBED200D8583C /* StorageManager.swift */,
				016F4D272325F10A0027D507 /* PlugInManager.swift */,
				016F4D2923264F0E0027D507 /* MixerManger.swift */,
				01E736692335F58900B9582B /* DrumMachineManger.swift */,
				010632182333687F00214672 /* FaderEqualizer+Panner.swift */,
			);
			path = Model;
			sourceTree = "<group>";
		};
		01717200232380D900049F3B = {
			isa = PBXGroup;
			children = (
				0171720B232380D900049F3B /* HLDDStudio */,
				0171720A232380D900049F3B /* Products */,
				E74390EB015D20E17D329B98 /* Pods */,
				FBC3863B548245343EED54AB /* Frameworks */,
			);
			sourceTree = "<group>";
		};
		0171720A232380D900049F3B /* Products */ = {
			isa = PBXGroup;
			children = (
				01717209232380D900049F3B /* HLDDStudio.app */,
			);
			name = Products;
			sourceTree = "<group>";
		};
		0171720B232380D900049F3B /* HLDDStudio */ = {
			isa = PBXGroup;
			children = (
				DB4A5021233A352A00A9DCEB /* HLDDStudio.entitlements */,
				0171720C232380D900049F3B /* AppDelegate.swift */,
				0171723C2323DE8800049F3B /* Extension */,
				016F4D26232561C10027D507 /* Model */,
				017172242323891300049F3B /* Controller */,
				017172252323894800049F3B /* View */,
				010D7825232B722F0099D76D /* GifEffects */,
				017172262323896000049F3B /* LaunchView */,
				01717216232380DB00049F3B /* Assets.xcassets */,
				DB0CDC2E233DAD6600D8583C /* 808_drum_kit */,
				0171721B232380DB00049F3B /* Info.plist */,
				01717213232380D900049F3B /* HLDDStudio.xcdatamodeld */,
				DB4A501F233A301800A9DCEB /* GoogleService-Info.plist */,
			);
			path = HLDDStudio;
			sourceTree = "<group>";
		};
		017172242323891300049F3B /* Controller */ = {
			isa = PBXGroup;
			children = (
				0106321023335BFD00214672 /* Mixer */,
				0106321123335C1200214672 /* DrumMachine */,
			);
			path = Controller;
			sourceTree = "<group>";
		};
		017172252323894800049F3B /* View */ = {
			isa = PBXGroup;
			children = (
				01717210232380D900049F3B /* Main.storyboard */,
				0171722823238F8600049F3B /* MixerView.swift */,
				0179403723251271000DCFCB /* MixerViewCell */,
				01794038232512AA000DCFCB /* PlugInView.swift */,
				0179403A2325368F000DCFCB /* PlugInTableViewcell */,
				0106321423335CC500214672 /* DrumMachineView.swift */,
				0106320E23335B5D00214672 /* DrumMachine.storyboard */,
				DB744F2D233B504F00AA8AFC /* DrumMachineViewCell */,
			);
			path = View;
			sourceTree = "<group>";
		};
		017172262323896000049F3B /* LaunchView */ = {
			isa = PBXGroup;
			children = (
				01717218232380DB00049F3B /* LaunchScreen.storyboard */,
			);
			path = LaunchView;
			sourceTree = "<group>";
		};
		0171723C2323DE8800049F3B /* Extension */ = {
			isa = PBXGroup;
			children = (
				0171723D2323DEA100049F3B /* UIImage+Extension.swift */,
				010632162333622800214672 /* UIStoryboard+Extension.swift */,
				010D7821232B71890099D76D /* UIImage+Gif.swift */,
				01F16620232BCFD700F1C107 /* CustonIcon.swift */,
				0179404323254797000DCFCB /* UIView+Extension.swift */,
				01280F9723289E27004AF13C /* HLDDKnob.swift */,
				010D781F231681690099D76D /* HLDDFader.swift */,
				01F1661E232BC9E800F1C107 /* HLDDRedFader.swift */,
				010D781D231652EA0099D76D /* GestureManager.swift */,
				01F1661A232BA63F00F1C107 /* Notification+extension.swift */,
				0106320C2333584D00214672 /* UIColor+Extension.swift */,
				01371C262337C32000617A9D /* GridView+Extension.swift */,
				01371C342338D20700617A9D /* FirebaseManager.swift */,
			);
			path = Extension;
			sourceTree = "<group>";
		};
		0179403723251271000DCFCB /* MixerViewCell */ = {
			isa = PBXGroup;
			children = (
				0171722A2323908600049F3B /* IOGridViewCell.swift */,
				DBCB3702233B3E2100DFBF83 /* IOGridViewCell.xib */,
				01717230232393FA00049F3B /* PlugInGridViewCell.swift */,
				017172322323945F00049F3B /* PlugInGridViewCell.xib */,
				017172342323993800049F3B /* PlugInTableViewCell.swift */,
				0171723A2323B9F700049F3B /* PlugInTableViewCell.xib */,
				017172362323995900049F3B /* FaderGridViewCell.swift */,
				017172382323997000049F3B /* FaderGridViewCell.xib */,
			);
			path = MixerViewCell;
			sourceTree = "<group>";
		};
		0179403A2325368F000DCFCB /* PlugInTableViewcell */ = {
			isa = PBXGroup;
			children = (
				0179403F23253A94000DCFCB /* PlugInBarView.swift */,
				0179404123253B2E000DCFCB /* PlugInBarView.xib */,
				0179403B232536C1000DCFCB /* PlugInReverbTableViewCell.swift */,
				01E3BEF52339F5D800F9011E /* PlugInReverbTableViewCell.xib */,
				01DC76722331F87600CA105E /* PlugInGuitarProcessorTableViewCell.swift */,
				01DC76732331F87600CA105E /* PlugInGuitarProcessorTableViewCell.xib */,
				01DC76762331F94100CA105E /* PlugInDelayTableViewCell.swift */,
				01DC76772331F94100CA105E /* PlugInDelayTableViewCell.xib */,
				015FBD4A233240E80055B2FC /* PlugInChorusTableViewCell.swift */,
				015FBD4B233240E80055B2FC /* PlugInChorusTableViewCell.xib */,
			);
			path = PlugInTableViewcell;
			sourceTree = "<group>";
		};
		DB744F2D233B504F00AA8AFC /* DrumMachineViewCell */ = {
			isa = PBXGroup;
			children = (
				DB744F30233B50E400AA8AFC /* DrumEditingGridViewCell.swift */,
				DB744F2E233B50C600AA8AFC /* DrumEditingGridViewCell.xib */,
				DB744F3B233CADCB00AA8AFC /* DrumEditingHorizontalGridViewCell.swift */,
				DB744F3D233CADE600AA8AFC /* DrumEditingHorizontalGridViewCell.xib */,
				DB744F32233B544000AA8AFC /* DrumBarGridViewCell.swift */,
				DB744F34233B546200AA8AFC /* DrumBarGridViewCell.xib */,
				DB744F36233B549200AA8AFC /* DrumPatternGridViewCell.swift */,
				DB744F38233B54AE00AA8AFC /* DrumPatternGridViewCell.xib */,
				DB744F43233CB0C200AA8AFC /* DrumPatternHorizontalGridViewCell.swift */,
				DB744F45233CB0CE00AA8AFC /* DrumPatternHorizontalGridViewCell.xib */,
			);
			path = DrumMachineViewCell;
			sourceTree = "<group>";
		};
		E74390EB015D20E17D329B98 /* Pods */ = {
			isa = PBXGroup;
			children = (
				A6DDEAE353C1BA4038BFA2BC /* Pods-HLDDStudio.debug.xcconfig */,
				68BF78A37B611FB3DDC8ACCA /* Pods-HLDDStudio.release.xcconfig */,
			);
			path = Pods;
			sourceTree = "<group>";
		};
		FBC3863B548245343EED54AB /* Frameworks */ = {
			isa = PBXGroup;
			children = (
				DB4A5022233A352A00A9DCEB /* AudioToolbox.framework */,
				2DE316FE45FA8389A36DD117 /* Pods_HLDDStudio.framework */,
			);
			name = Frameworks;
			sourceTree = "<group>";
		};
/* End PBXGroup section */

/* Begin PBXNativeTarget section */
		01717208232380D900049F3B /* HLDDStudio */ = {
			isa = PBXNativeTarget;
			buildConfigurationList = 0171721E232380DB00049F3B /* Build configuration list for PBXNativeTarget "HLDDStudio" */;
			buildPhases = (
				F13CB3090FE0261C698C3937 /* [CP] Check Pods Manifest.lock */,
				01717205232380D900049F3B /* Sources */,
				01717206232380D900049F3B /* Frameworks */,
				01717207232380D900049F3B /* Resources */,
				4ADCC82AF3D2B7384BBA74E8 /* [CP] Embed Pods Frameworks */,
				01371C322338C9FA00617A9D /* ShellScript */,
			);
			buildRules = (
			);
			dependencies = (
			);
			name = HLDDStudio;
			productName = HLDDStudio;
			productReference = 01717209232380D900049F3B /* HLDDStudio.app */;
			productType = "com.apple.product-type.application";
		};
/* End PBXNativeTarget section */

/* Begin PBXProject section */
		01717201232380D900049F3B /* Project object */ = {
			isa = PBXProject;
			attributes = {
				LastSwiftUpdateCheck = 1020;
				LastUpgradeCheck = 1020;
				ORGANIZATIONNAME = wu1221;
				TargetAttributes = {
					01717208232380D900049F3B = {
						CreatedOnToolsVersion = 10.2.1;
					};
				};
			};
			buildConfigurationList = 01717204232380D900049F3B /* Build configuration list for PBXProject "HLDDStudio" */;
			compatibilityVersion = "Xcode 9.3";
			developmentRegion = en;
			hasScannedForEncodings = 0;
			knownRegions = (
				en,
				Base,
			);
			mainGroup = 01717200232380D900049F3B;
			productRefGroup = 0171720A232380D900049F3B /* Products */;
			projectDirPath = "";
			projectRoot = "";
			targets = (
				01717208232380D900049F3B /* HLDDStudio */,
			);
		};
/* End PBXProject section */

/* Begin PBXResourcesBuildPhase section */
		01717207232380D900049F3B /* Resources */ = {
			isa = PBXResourcesBuildPhase;
			buildActionMask = 2147483647;
			files = (
				DB0CDC31233DAE4800D8583C /* 808_drum_kit in Resources */,
				010D7824232B72220099D76D /* GifEffect1.gif in Resources */,
				017172332323945F00049F3B /* PlugInGridViewCell.xib in Resources */,
				0171723B2323B9F700049F3B /* PlugInTableViewCell.xib in Resources */,
				0179404223253B2E000DCFCB /* PlugInBarView.xib in Resources */,
				010D7829232B74DA0099D76D /* GifEffect3.gif in Resources */,
				017172392323997000049F3B /* FaderGridViewCell.xib in Resources */,
				01DC76792331F94100CA105E /* PlugInDelayTableViewCell.xib in Resources */,
				DB744F39233B54AE00AA8AFC /* DrumPatternGridViewCell.xib in Resources */,
				DBCB3700233B3E2100DFBF83 /* IOGridViewCell.xib in Resources */,
				01DC76752331F87600CA105E /* PlugInGuitarProcessorTableViewCell.xib in Resources */,
				0106320F23335B5D00214672 /* DrumMachine.storyboard in Resources */,
				DB744F2F233B50C600AA8AFC /* DrumEditingGridViewCell.xib in Resources */,
				0171721A232380DB00049F3B /* LaunchScreen.storyboard in Resources */,
				DB744F3E233CADE600AA8AFC /* DrumEditingHorizontalGridViewCell.xib in Resources */,
				01E3BEF62339F5D800F9011E /* PlugInReverbTableViewCell.xib in Resources */,
				010D7827232B73560099D76D /* GifEffect2.gif in Resources */,
				01717217232380DB00049F3B /* Assets.xcassets in Resources */,
				DB4A5020233A301800A9DCEB /* GoogleService-Info.plist in Resources */,
				01717212232380D900049F3B /* Main.storyboard in Resources */,
				DB744F35233B546200AA8AFC /* DrumBarGridViewCell.xib in Resources */,
				015FBD4D233240E80055B2FC /* PlugInChorusTableViewCell.xib in Resources */,
				DB744F46233CB0CE00AA8AFC /* DrumPatternHorizontalGridViewCell.xib in Resources */,
			);
			runOnlyForDeploymentPostprocessing = 0;
		};
/* End PBXResourcesBuildPhase section */

/* Begin PBXShellScriptBuildPhase section */
		01371C322338C9FA00617A9D /* ShellScript */ = {
			isa = PBXShellScriptBuildPhase;
			buildActionMask = 12;
			files = (
			);
			inputFileListPaths = (
			);
			inputPaths = (
			);
			outputFileListPaths = (
			);
			outputPaths = (
			);
			runOnlyForDeploymentPostprocessing = 0;
			shellPath = /bin/sh;
			shellScript = "\"${PODS_ROOT}/Fabric/run\"\n";
		};
		4ADCC82AF3D2B7384BBA74E8 /* [CP] Embed Pods Frameworks */ = {
			isa = PBXShellScriptBuildPhase;
			buildActionMask = 2147483647;
			files = (
			);
			inputFileListPaths = (
				"${PODS_ROOT}/Target Support Files/Pods-HLDDStudio/Pods-HLDDStudio-frameworks-${CONFIGURATION}-input-files.xcfilelist",
			);
			name = "[CP] Embed Pods Frameworks";
			outputFileListPaths = (
				"${PODS_ROOT}/Target Support Files/Pods-HLDDStudio/Pods-HLDDStudio-frameworks-${CONFIGURATION}-output-files.xcfilelist",
			);
			runOnlyForDeploymentPostprocessing = 0;
			shellPath = /bin/sh;
			shellScript = "\"${PODS_ROOT}/Target Support Files/Pods-HLDDStudio/Pods-HLDDStudio-frameworks.sh\"\n";
			showEnvVarsInLog = 0;
		};
		F13CB3090FE0261C698C3937 /* [CP] Check Pods Manifest.lock */ = {
			isa = PBXShellScriptBuildPhase;
			buildActionMask = 2147483647;
			files = (
			);
			inputFileListPaths = (
			);
			inputPaths = (
				"${PODS_PODFILE_DIR_PATH}/Podfile.lock",
				"${PODS_ROOT}/Manifest.lock",
			);
			name = "[CP] Check Pods Manifest.lock";
			outputFileListPaths = (
			);
			outputPaths = (
				"$(DERIVED_FILE_DIR)/Pods-HLDDStudio-checkManifestLockResult.txt",
			);
			runOnlyForDeploymentPostprocessing = 0;
			shellPath = /bin/sh;
			shellScript = "diff \"${PODS_PODFILE_DIR_PATH}/Podfile.lock\" \"${PODS_ROOT}/Manifest.lock\" > /dev/null\nif [ $? != 0 ] ; then\n    # print error to STDERR\n    echo \"error: The sandbox is not in sync with the Podfile.lock. Run 'pod install' or update your CocoaPods installation.\" >&2\n    exit 1\nfi\n# This output is used by Xcode 'outputs' to avoid re-running this script phase.\necho \"SUCCESS\" > \"${SCRIPT_OUTPUT_FILE_0}\"\n";
			showEnvVarsInLog = 0;
		};
/* End PBXShellScriptBuildPhase section */

/* Begin PBXSourcesBuildPhase section */
		01717205232380D900049F3B /* Sources */ = {
			isa = PBXSourcesBuildPhase;
			buildActionMask = 2147483647;
			files = (
				01371C352338D20700617A9D /* FirebaseManager.swift in Sources */,
				01F16621232BCFD700F1C107 /* CustonIcon.swift in Sources */,
				010632172333622800214672 /* UIStoryboard+Extension.swift in Sources */,
				017172352323993800049F3B /* PlugInTableViewCell.swift in Sources */,
				010632192333687F00214672 /* FaderEqualizer+Panner.swift in Sources */,
				016F4D25232561B50027D507 /* ReverbSet.swift in Sources */,
				0171720F232380D900049F3B /* ViewController.swift in Sources */,
				0106321323335C4200214672 /* DrumMachineViewController.swift in Sources */,
				DB744F3C233CADCB00AA8AFC /* DrumEditingHorizontalGridViewCell.swift in Sources */,
				DB744F33233B544000AA8AFC /* DrumBarGridViewCell.swift in Sources */,
				DB744F37233B549200AA8AFC /* DrumPatternGridViewCell.swift in Sources */,
				0179403C232536C1000DCFCB /* PlugInReverbTableViewCell.swift in Sources */,
				010D7820231681690099D76D /* HLDDFader.swift in Sources */,
				01DC76742331F87600CA105E /* PlugInGuitarProcessorTableViewCell.swift in Sources */,
				0106320D2333584D00214672 /* UIColor+Extension.swift in Sources */,
				0179404023253A94000DCFCB /* PlugInBarView.swift in Sources */,
				DB744F31233B50E400AA8AFC /* DrumEditingGridViewCell.swift in Sources */,
				01F1661B232BA63F00F1C107 /* Notification+extension.swift in Sources */,
				0171722B2323908600049F3B /* IOGridViewCell.swift in Sources */,
				DB744F44233CB0C200AA8AFC /* DrumPatternHorizontalGridViewCell.swift in Sources */,
				01E7366A2335F58900B9582B /* DrumMachineManger.swift in Sources */,
				0171723E2323DEA100049F3B /* UIImage+Extension.swift in Sources */,
				01371C272337C32000617A9D /* GridView+Extension.swift in Sources */,
				0171720D232380D900049F3B /* AppDelegate.swift in Sources */,
				0106321523335CC500214672 /* DrumMachineView.swift in Sources */,
				010D7822232B71890099D76D /* UIImage+Gif.swift in Sources */,
				016F4D282325F10A0027D507 /* PlugInManager.swift in Sources */,
				01DC76782331F94100CA105E /* PlugInDelayTableViewCell.swift in Sources */,
				010D781E231652EA0099D76D /* GestureManager.swift in Sources */,
				015FBD4C233240E80055B2FC /* PlugInChorusTableViewCell.swift in Sources */,
				01280F9823289E27004AF13C /* HLDDKnob.swift in Sources */,
				DB0CDC37233FBED200D8583C /* StorageManager.swift in Sources */,
				01717231232393FA00049F3B /* PlugInGridViewCell.swift in Sources */,
				0179404423254797000DCFCB /* UIView+Extension.swift in Sources */,
				017172372323995900049F3B /* FaderGridViewCell.swift in Sources */,
				0179403623251236000DCFCB /* PlugInViewController.swift in Sources */,
				0171722923238F8600049F3B /* MixerView.swift in Sources */,
				01794039232512AA000DCFCB /* PlugInView.swift in Sources */,
				01717215232380D900049F3B /* HLDDStudio.xcdatamodeld in Sources */,
				01F1661F232BC9E800F1C107 /* HLDDRedFader.swift in Sources */,
				016F4D2A23264F0E0027D507 /* MixerManger.swift in Sources */,
			);
			runOnlyForDeploymentPostprocessing = 0;
		};
/* End PBXSourcesBuildPhase section */

/* Begin PBXVariantGroup section */
		01717210232380D900049F3B /* Main.storyboard */ = {
			isa = PBXVariantGroup;
			children = (
				01717211232380D900049F3B /* Base */,
			);
			name = Main.storyboard;
			sourceTree = "<group>";
		};
		01717218232380DB00049F3B /* LaunchScreen.storyboard */ = {
			isa = PBXVariantGroup;
			children = (
				01717219232380DB00049F3B /* Base */,
			);
			name = LaunchScreen.storyboard;
			sourceTree = "<group>";
		};
		DBCB3702233B3E2100DFBF83 /* IOGridViewCell.xib */ = {
			isa = PBXVariantGroup;
			children = (
				DBCB3701233B3E2100DFBF83 /* Base */,
			);
			name = IOGridViewCell.xib;
			sourceTree = "<group>";
		};
/* End PBXVariantGroup section */

/* Begin XCBuildConfiguration section */
		0171721C232380DB00049F3B /* Debug */ = {
			isa = XCBuildConfiguration;
			buildSettings = {
				ALWAYS_SEARCH_USER_PATHS = NO;
				CLANG_ANALYZER_NONNULL = YES;
				CLANG_ANALYZER_NUMBER_OBJECT_CONVERSION = YES_AGGRESSIVE;
				CLANG_CXX_LANGUAGE_STANDARD = "gnu++14";
				CLANG_CXX_LIBRARY = "libc++";
				CLANG_ENABLE_MODULES = YES;
				CLANG_ENABLE_OBJC_ARC = YES;
				CLANG_ENABLE_OBJC_WEAK = YES;
				CLANG_WARN_BLOCK_CAPTURE_AUTORELEASING = YES;
				CLANG_WARN_BOOL_CONVERSION = YES;
				CLANG_WARN_COMMA = YES;
				CLANG_WARN_CONSTANT_CONVERSION = YES;
				CLANG_WARN_DEPRECATED_OBJC_IMPLEMENTATIONS = YES;
				CLANG_WARN_DIRECT_OBJC_ISA_USAGE = YES_ERROR;
				CLANG_WARN_DOCUMENTATION_COMMENTS = YES;
				CLANG_WARN_EMPTY_BODY = YES;
				CLANG_WARN_ENUM_CONVERSION = YES;
				CLANG_WARN_INFINITE_RECURSION = YES;
				CLANG_WARN_INT_CONVERSION = YES;
				CLANG_WARN_NON_LITERAL_NULL_CONVERSION = YES;
				CLANG_WARN_OBJC_IMPLICIT_RETAIN_SELF = YES;
				CLANG_WARN_OBJC_LITERAL_CONVERSION = YES;
				CLANG_WARN_OBJC_ROOT_CLASS = YES_ERROR;
				CLANG_WARN_RANGE_LOOP_ANALYSIS = YES;
				CLANG_WARN_STRICT_PROTOTYPES = YES;
				CLANG_WARN_SUSPICIOUS_MOVE = YES;
				CLANG_WARN_UNGUARDED_AVAILABILITY = YES_AGGRESSIVE;
				CLANG_WARN_UNREACHABLE_CODE = YES;
				CLANG_WARN__DUPLICATE_METHOD_MATCH = YES;
				CODE_SIGN_IDENTITY = "iPhone Developer";
				COPY_PHASE_STRIP = NO;
				DEBUG_INFORMATION_FORMAT = dwarf;
				ENABLE_STRICT_OBJC_MSGSEND = YES;
				ENABLE_TESTABILITY = YES;
				GCC_C_LANGUAGE_STANDARD = gnu11;
				GCC_DYNAMIC_NO_PIC = NO;
				GCC_NO_COMMON_BLOCKS = YES;
				GCC_OPTIMIZATION_LEVEL = 0;
				GCC_PREPROCESSOR_DEFINITIONS = (
					"DEBUG=1",
					"$(inherited)",
				);
				GCC_WARN_64_TO_32_BIT_CONVERSION = YES;
				GCC_WARN_ABOUT_RETURN_TYPE = YES_ERROR;
				GCC_WARN_UNDECLARED_SELECTOR = YES;
				GCC_WARN_UNINITIALIZED_AUTOS = YES_AGGRESSIVE;
				GCC_WARN_UNUSED_FUNCTION = YES;
				GCC_WARN_UNUSED_VARIABLE = YES;
				IPHONEOS_DEPLOYMENT_TARGET = 12.2;
				MTL_ENABLE_DEBUG_INFO = INCLUDE_SOURCE;
				MTL_FAST_MATH = YES;
				ONLY_ACTIVE_ARCH = YES;
				SDKROOT = iphoneos;
				SWIFT_ACTIVE_COMPILATION_CONDITIONS = DEBUG;
				SWIFT_OPTIMIZATION_LEVEL = "-Onone";
			};
			name = Debug;
		};
		0171721D232380DB00049F3B /* Release */ = {
			isa = XCBuildConfiguration;
			buildSettings = {
				ALWAYS_SEARCH_USER_PATHS = NO;
				CLANG_ANALYZER_NONNULL = YES;
				CLANG_ANALYZER_NUMBER_OBJECT_CONVERSION = YES_AGGRESSIVE;
				CLANG_CXX_LANGUAGE_STANDARD = "gnu++14";
				CLANG_CXX_LIBRARY = "libc++";
				CLANG_ENABLE_MODULES = YES;
				CLANG_ENABLE_OBJC_ARC = YES;
				CLANG_ENABLE_OBJC_WEAK = YES;
				CLANG_WARN_BLOCK_CAPTURE_AUTORELEASING = YES;
				CLANG_WARN_BOOL_CONVERSION = YES;
				CLANG_WARN_COMMA = YES;
				CLANG_WARN_CONSTANT_CONVERSION = YES;
				CLANG_WARN_DEPRECATED_OBJC_IMPLEMENTATIONS = YES;
				CLANG_WARN_DIRECT_OBJC_ISA_USAGE = YES_ERROR;
				CLANG_WARN_DOCUMENTATION_COMMENTS = YES;
				CLANG_WARN_EMPTY_BODY = YES;
				CLANG_WARN_ENUM_CONVERSION = YES;
				CLANG_WARN_INFINITE_RECURSION = YES;
				CLANG_WARN_INT_CONVERSION = YES;
				CLANG_WARN_NON_LITERAL_NULL_CONVERSION = YES;
				CLANG_WARN_OBJC_IMPLICIT_RETAIN_SELF = YES;
				CLANG_WARN_OBJC_LITERAL_CONVERSION = YES;
				CLANG_WARN_OBJC_ROOT_CLASS = YES_ERROR;
				CLANG_WARN_RANGE_LOOP_ANALYSIS = YES;
				CLANG_WARN_STRICT_PROTOTYPES = YES;
				CLANG_WARN_SUSPICIOUS_MOVE = YES;
				CLANG_WARN_UNGUARDED_AVAILABILITY = YES_AGGRESSIVE;
				CLANG_WARN_UNREACHABLE_CODE = YES;
				CLANG_WARN__DUPLICATE_METHOD_MATCH = YES;
				CODE_SIGN_IDENTITY = "iPhone Developer";
				COPY_PHASE_STRIP = NO;
				DEBUG_INFORMATION_FORMAT = "dwarf-with-dsym";
				ENABLE_NS_ASSERTIONS = NO;
				ENABLE_STRICT_OBJC_MSGSEND = YES;
				GCC_C_LANGUAGE_STANDARD = gnu11;
				GCC_NO_COMMON_BLOCKS = YES;
				GCC_WARN_64_TO_32_BIT_CONVERSION = YES;
				GCC_WARN_ABOUT_RETURN_TYPE = YES_ERROR;
				GCC_WARN_UNDECLARED_SELECTOR = YES;
				GCC_WARN_UNINITIALIZED_AUTOS = YES_AGGRESSIVE;
				GCC_WARN_UNUSED_FUNCTION = YES;
				GCC_WARN_UNUSED_VARIABLE = YES;
				IPHONEOS_DEPLOYMENT_TARGET = 12.2;
				MTL_ENABLE_DEBUG_INFO = NO;
				MTL_FAST_MATH = YES;
				SDKROOT = iphoneos;
				SWIFT_COMPILATION_MODE = wholemodule;
				SWIFT_OPTIMIZATION_LEVEL = "-O";
				VALIDATE_PRODUCT = YES;
			};
			name = Release;
		};
		0171721F232380DB00049F3B /* Debug */ = {
			isa = XCBuildConfiguration;
			baseConfigurationReference = A6DDEAE353C1BA4038BFA2BC /* Pods-HLDDStudio.debug.xcconfig */;
			buildSettings = {
				ASSETCATALOG_COMPILER_APPICON_NAME = AppIcon;
				CODE_SIGN_ENTITLEMENTS = HLDDStudio/HLDDStudio.entitlements;
				CODE_SIGN_STYLE = Automatic;
				CURRENT_PROJECT_VERSION = 6;
				DEBUG_INFORMATION_FORMAT = "dwarf-with-dsym";
				DEVELOPMENT_TEAM = R8WVK7NKZV;
				INFOPLIST_FILE = HLDDStudio/Info.plist;
				IPHONEOS_DEPLOYMENT_TARGET = 12.0;
				LD_RUNPATH_SEARCH_PATHS = (
					"$(inherited)",
					"@executable_path/Frameworks",
				);
				MARKETING_VERSION = 1.1;
				PRODUCT_BUNDLE_IDENTIFIER = com.wu1221.HLDDStudio;
				PRODUCT_NAME = "$(TARGET_NAME)";
				SWIFT_OBJC_BRIDGING_HEADER = "";
				SWIFT_VERSION = 5.0;
				TARGETED_DEVICE_FAMILY = 1;
			};
			name = Debug;
		};
		01717220232380DB00049F3B /* Release */ = {
			isa = XCBuildConfiguration;
			baseConfigurationReference = 68BF78A37B611FB3DDC8ACCA /* Pods-HLDDStudio.release.xcconfig */;
			buildSettings = {
				ASSETCATALOG_COMPILER_APPICON_NAME = AppIcon;
				CODE_SIGN_ENTITLEMENTS = HLDDStudio/HLDDStudio.entitlements;
				CODE_SIGN_STYLE = Automatic;
				CURRENT_PROJECT_VERSION = 6;
				DEBUG_INFORMATION_FORMAT = "dwarf-with-dsym";
				DEVELOPMENT_TEAM = R8WVK7NKZV;
				INFOPLIST_FILE = HLDDStudio/Info.plist;
				IPHONEOS_DEPLOYMENT_TARGET = 12.0;
				LD_RUNPATH_SEARCH_PATHS = (
					"$(inherited)",
					"@executable_path/Frameworks",
				);
				MARKETING_VERSION = 1.1;
				PRODUCT_BUNDLE_IDENTIFIER = com.wu1221.HLDDStudio;
				PRODUCT_NAME = "$(TARGET_NAME)";
				SWIFT_OBJC_BRIDGING_HEADER = "";
				SWIFT_VERSION = 5.0;
				TARGETED_DEVICE_FAMILY = 1;
			};
			name = Release;
		};
/* End XCBuildConfiguration section */

/* Begin XCConfigurationList section */
		01717204232380D900049F3B /* Build configuration list for PBXProject "HLDDStudio" */ = {
			isa = XCConfigurationList;
			buildConfigurations = (
				0171721C232380DB00049F3B /* Debug */,
				0171721D232380DB00049F3B /* Release */,
			);
			defaultConfigurationIsVisible = 0;
			defaultConfigurationName = Release;
		};
		0171721E232380DB00049F3B /* Build configuration list for PBXNativeTarget "HLDDStudio" */ = {
			isa = XCConfigurationList;
			buildConfigurations = (
				0171721F232380DB00049F3B /* Debug */,
				01717220232380DB00049F3B /* Release */,
			);
			defaultConfigurationIsVisible = 0;
			defaultConfigurationName = Release;
		};
/* End XCConfigurationList section */

/* Begin XCVersionGroup section */
		01717213232380D900049F3B /* HLDDStudio.xcdatamodeld */ = {
			isa = XCVersionGroup;
			children = (
				01717214232380D900049F3B /* HLDDStudio.xcdatamodel */,
			);
			currentVersion = 01717214232380D900049F3B /* HLDDStudio.xcdatamodel */;
			path = HLDDStudio.xcdatamodeld;
			sourceTree = "<group>";
			versionGroupType = wrapper.xcdatamodel;
		};
/* End XCVersionGroup section */
	};
	rootObject = 01717201232380D900049F3B /* Project object */;
}
