PODS:
  - AudioKit/Core (4.9)
  - G3GridView (0.7.0)
  - GoogleAnalytics (3.17.0)
  - IQKeyboardManager (6.4.2)
  - MarqueeLabel (4.0.0)
  - SwipeCellKit (2.7.0)

DEPENDENCIES:
  - AudioKit/Core
  - G3GridView
  - GoogleAnalytics
  - IQKeyboardManager
  - MarqueeLabel
  - SwipeCellKit

SPEC REPOS:
  https://github.com/cocoapods/specs.git:
    - AudioKit
    - G3GridView
    - GoogleAnalytics
    - IQKeyboardManager
    - MarqueeLabel
    - SwipeCellKit

SPEC CHECKSUMS:
  AudioKit: fb68dd1f3c77b9e714eaf5bb320d55e00e68427a
  G3GridView: 3500ad938744d81f6707929c56ff71e78b37907e
  GoogleAnalytics: f42cc53a87a51fe94334821868d9c8481ff47a7b
  IQKeyboardManager: b41e0a4943fbac4c11a239d31a688667675f962e
  MarqueeLabel: b55b26e690b6ad41faedd95cbf5eae6f1d1735b4
  SwipeCellKit: cfcdcbfb739734e494c9d3832a7b6e6f9411e1fd

PODFILE CHECKSUM: 22d2a48d61e909f06567cd8822020c85d5afe222

COCOAPODS: 1.7.5
